{
  "originHash" : "f3a76c7fa22bdac53858bb083e1b5256b0d4b003a8fd8e828779d61a2616824c",
  "pins" : [
    {
      "identity" : "mobile-voice-sdk",
      "kind" : "remoteSourceControl",
      "location" : "https://github.com/mtsexolve/mobile-voice-sdk",
      "state" : {
        "revision" : "faf75cf89ac68082ddd05c315a37a6a3cd3d5185",
        "version" : "1.2.3"
      }
    }
  ],
  "version" : 3
}
