{
  "originHash" : "f3a76c7fa22bdac53858bb083e1b5256b0d4b003a8fd8e828779d61a2616824c",
  "pins" : [
    {
      "identity" : "mobile-voice-sdk",
      "kind" : "remoteSourceControl",
      "location" : "https://github.com/mtsexolve/mobile-voice-sdk",
      "state" : {
        "revision" : "0f334d323049c5dce149968ca0b0ab708262b2e8",
        "version" : "1.10.0"
      }
    }
  ],
  "version" : 3
}
